// !$*UTF8*$!
{
	archiveVersion = 1;
	classes = {
	};
	objectVersion = 77;
	objects = {

/* Begin PBXBuildFile section */
		A87AAEA92ED61F4E009E38CF /* PulitoContentBlocker.appex in Embed Foundation Extensions */ = {isa = PBXBuildFile; fileRef = A87AAEA02ED61F4E009E38CF /* PulitoContentBlocker.appex */; settings = {ATTRIBUTES = (RemoveHeadersOnCopy, ); }; };
		A87AAF152ED62593009E38CF /* RSASignatureVerifier.swift in Sources */ = {isa = PBXBuildFile; fileRef = A87AAF112ED62593009E38CF /* RSASignatureVerifier.swift */; };
		A87AAF162ED62593009E38CF /* ContentBlockerUpdater.swift in Sources */ = {isa = PBXBuildFile; fileRef = A87AAF0B2ED62593009E38CF /* ContentBlockerUpdater.swift */; };
		A87AAF172ED62593009E38CF /* Manifest.swift in Sources */ = {isa = PBXBuildFile; fileRef = A87AAF0D2ED62593009E38CF /* Manifest.swift */; };
		A87AAF182ED62593009E38CF /* PulitoApp.swift in Sources */ = {isa = PBXBuildFile; fileRef = A87AAF0E2ED62593009E38CF /* PulitoApp.swift */; };
		A87AAF192ED62593009E38CF /* AppEnviroment.swift in Sources */ = {isa = PBXBuildFile; fileRef = A87AAF0A2ED62593009E38CF /* AppEnviroment.swift */; };
		A87AAF1A2ED62593009E38CF /* StatusState.swift in Sources */ = {isa = PBXBuildFile; fileRef = A87AAF132ED62593009E38CF /* StatusState.swift */; };
		A87AAF1B2ED62593009E38CF /* ContentView.swift in Sources */ = {isa = PBXBuildFile; fileRef = A87AAF0C2ED62593009E38CF /* ContentView.swift */; };
		A87AAF1C2ED62593009E38CF /* PulitoHomeView.swift in Sources */ = {isa = PBXBuildFile; fileRef = A87AAF0F2ED62593009E38CF /* PulitoHomeView.swift */; };
		A87AAF1D2ED62593009E38CF /* PulitoSettingsView.swift in Sources */ = {isa = PBXBuildFile; fileRef = A87AAF102ED62593009E38CF /* PulitoSettingsView.swift */; };
		A87AAF1E2ED62593009E38CF /* StatPill.swift in Sources */ = {isa = PBXBuildFile; fileRef = A87AAF122ED62593009E38CF /* StatPill.swift */; };
		A87AAF202ED626D7009E38CF /* Assets.xcassets in Resources */ = {isa = PBXBuildFile; fileRef = A87AAF1F2ED626D7009E38CF /* Assets.xcassets */; };
		A87AAF222ED62750009E38CF /* pulito_pubkey.pem in Resources */ = {isa = PBXBuildFile; fileRef = A87AAF212ED62750009E38CF /* pulito_pubkey.pem */; };
/* End PBXBuildFile section */

/* Begin PBXContainerItemProxy section */
		A87AAEA72ED61F4E009E38CF /* PBXContainerItemProxy */ = {
			isa = PBXContainerItemProxy;
			containerPortal = A87AAE6B2ED61A2A009E38CF /* Project object */;
			proxyType = 1;
			remoteGlobalIDString = A87AAE9F2ED61F4E009E38CF;
			remoteInfo = PulitoContentBlocker;
		};
/* End PBXContainerItemProxy section */

/* Begin PBXCopyFilesBuildPhase section */
		A87AAEAE2ED61F4E009E38CF /* Embed Foundation Extensions */ = {
			isa = PBXCopyFilesBuildPhase;
			buildActionMask = 2147483647;
			dstPath = "";
			dstSubfolderSpec = 13;
			files = (
				A87AAEA92ED61F4E009E38CF /* PulitoContentBlocker.appex in Embed Foundation Extensions */,
			);
			name = "Embed Foundation Extensions";
			runOnlyForDeploymentPostprocessing = 0;
		};
/* End PBXCopyFilesBuildPhase section */

/* Begin PBXFileReference section */
		A87AAE732ED61A2A009E38CF /* Pulito.app */ = {isa = PBXFileReference; explicitFileType = wrapper.application; includeInIndex = 0; path = Pulito.app; sourceTree = BUILT_PRODUCTS_DIR; };
		A87AAEA02ED61F4E009E38CF /* PulitoContentBlocker.appex */ = {isa = PBXFileReference; explicitFileType = "wrapper.app-extension"; includeInIndex = 0; path = PulitoContentBlocker.appex; sourceTree = BUILT_PRODUCTS_DIR; };
		A87AAF0A2ED62593009E38CF /* AppEnviroment.swift */ = {isa = PBXFileReference; lastKnownFileType = sourcecode.swift; path = AppEnviroment.swift; sourceTree = "<group>"; };
		A87AAF0B2ED62593009E38CF /* ContentBlockerUpdater.swift */ = {isa = PBXFileReference; lastKnownFileType = sourcecode.swift; path = ContentBlockerUpdater.swift; sourceTree = "<group>"; };
		A87AAF0C2ED62593009E38CF /* ContentView.swift */ = {isa = PBXFileReference; lastKnownFileType = sourcecode.swift; path = ContentView.swift; sourceTree = "<group>"; };
		A87AAF0D2ED62593009E38CF /* Manifest.swift */ = {isa = PBXFileReference; lastKnownFileType = sourcecode.swift; path = Manifest.swift; sourceTree = "<group>"; };
		A87AAF0E2ED62593009E38CF /* PulitoApp.swift */ = {isa = PBXFileReference; lastKnownFileType = sourcecode.swift; path = PulitoApp.swift; sourceTree = "<group>"; };
		A87AAF0F2ED62593009E38CF /* PulitoHomeView.swift */ = {isa = PBXFileReference; lastKnownFileType = sourcecode.swift; path = PulitoHomeView.swift; sourceTree = "<group>"; };
		A87AAF102ED62593009E38CF /* PulitoSettingsView.swift */ = {isa = PBXFileReference; lastKnownFileType = sourcecode.swift; path = PulitoSettingsView.swift; sourceTree = "<group>"; };
		A87AAF112ED62593009E38CF /* RSASignatureVerifier.swift */ = {isa = PBXFileReference; lastKnownFileType = sourcecode.swift; path = RSASignatureVerifier.swift; sourceTree = "<group>"; };
		A87AAF122ED62593009E38CF /* StatPill.swift */ = {isa = PBXFileReference; lastKnownFileType = sourcecode.swift; path = StatPill.swift; sourceTree = "<group>"; };
		A87AAF132ED62593009E38CF /* StatusState.swift */ = {isa = PBXFileReference; lastKnownFileType = sourcecode.swift; path = StatusState.swift; sourceTree = "<group>"; };
		A87AAF1F2ED626D7009E38CF /* Assets.xcassets */ = {isa = PBXFileReference; lastKnownFileType = folder.assetcatalog; path = Assets.xcassets; sourceTree = "<group>"; };
		A87AAF212ED62750009E38CF /* pulito_pubkey.pem */ = {isa = PBXFileReference; lastKnownFileType = text; path = pulito_pubkey.pem; sourceTree = "<group>"; };
		A87AAF292ED628CD009E38CF /* Pulito.entitlements */ = {isa = PBXFileReference; lastKnownFileType = text.plist.entitlements; path = Pulito.entitlements; sourceTree = "<group>"; };
/* End PBXFileReference section */

/* Begin PBXFileSystemSynchronizedBuildFileExceptionSet section */
		A87AAEAA2ED61F4E009E38CF /* Exceptions for "PulitoContentBlocker" folder in "PulitoContentBlocker" target */ = {
			isa = PBXFileSystemSynchronizedBuildFileExceptionSet;
			membershipExceptions = (
				Info.plist,
			);
			target = A87AAE9F2ED61F4E009E38CF /* PulitoContentBlocker */;
		};
/* End PBXFileSystemSynchronizedBuildFileExceptionSet section */

/* Begin PBXFileSystemSynchronizedRootGroup section */
		A87AAEA12ED61F4E009E38CF /* PulitoContentBlocker */ = {
			isa = PBXFileSystemSynchronizedRootGroup;
			exceptions = (
				A87AAEAA2ED61F4E009E38CF /* Exceptions for "PulitoContentBlocker" folder in "PulitoContentBlocker" target */,
			);
			path = PulitoContentBlocker;
			sourceTree = "<group>";
		};
/* End PBXFileSystemSynchronizedRootGroup section */

/* Begin PBXFrameworksBuildPhase section */
		A87AAE702ED61A2A009E38CF /* Frameworks */ = {
			isa = PBXFrameworksBuildPhase;
			buildActionMask = 2147483647;
			files = (
			);
			runOnlyForDeploymentPostprocessing = 0;
		};
		A87AAE9D2ED61F4E009E38CF /* Frameworks */ = {
			isa = PBXFrameworksBuildPhase;
			buildActionMask = 2147483647;
			files = (
			);
			runOnlyForDeploymentPostprocessing = 0;
		};
/* End PBXFrameworksBuildPhase section */

/* Begin PBXGroup section */
		A87AAE6A2ED61A2A009E38CF = {
			isa = PBXGroup;
			children = (
				A87AAF142ED62593009E38CF /* Pulito */,
				A87AAEA12ED61F4E009E38CF /* PulitoContentBlocker */,
				A87AAE742ED61A2A009E38CF /* Products */,
			);
			sourceTree = "<group>";
		};
		A87AAE742ED61A2A009E38CF /* Products */ = {
			isa = PBXGroup;
			children = (
				A87AAE732ED61A2A009E38CF /* Pulito.app */,
				A87AAEA02ED61F4E009E38CF /* PulitoContentBlocker.appex */,
			);
			name = Products;
			sourceTree = "<group>";
		};
		A87AAF072ED62593009E38CF /* Models */ = {
			isa = PBXGroup;
			children = (
				A87AAF0D2ED62593009E38CF /* Manifest.swift */,
				A87AAF132ED62593009E38CF /* StatusState.swift */,
			);
			path = Models;
			sourceTree = "<group>";
		};
		A87AAF082ED62593009E38CF /* Services */ = {
			isa = PBXGroup;
			children = (
				A87AAF0B2ED62593009E38CF /* ContentBlockerUpdater.swift */,
				A87AAF112ED62593009E38CF /* RSASignatureVerifier.swift */,
			);
			path = Services;
			sourceTree = "<group>";
		};
		A87AAF092ED62593009E38CF /* Views */ = {
			isa = PBXGroup;
			children = (
				A87AAF0F2ED62593009E38CF /* PulitoHomeView.swift */,
				A87AAF102ED62593009E38CF /* PulitoSettingsView.swift */,
				A87AAF122ED62593009E38CF /* StatPill.swift */,
			);
			path = Views;
			sourceTree = "<group>";
		};
		A87AAF142ED62593009E38CF /* Pulito */ = {
			isa = PBXGroup;
			children = (
				A87AAF292ED628CD009E38CF /* Pulito.entitlements */,
				A87AAF212ED62750009E38CF /* pulito_pubkey.pem */,
				A87AAF072ED62593009E38CF /* Models */,
				A87AAF082ED62593009E38CF /* Services */,
				A87AAF092ED62593009E38CF /* Views */,
				A87AAF0A2ED62593009E38CF /* AppEnviroment.swift */,
				A87AAF0C2ED62593009E38CF /* ContentView.swift */,
				A87AAF0E2ED62593009E38CF /* PulitoApp.swift */,
				A87AAF1F2ED626D7009E38CF /* Assets.xcassets */,
			);
			path = Pulito;
			sourceTree = "<group>";
		};
/* End PBXGroup section */

/* Begin PBXNativeTarget section */
		A87AAE722ED61A2A009E38CF /* Pulito */ = {
			isa = PBXNativeTarget;
			buildConfigurationList = A87AAE7E2ED61A2A009E38CF /* Build configuration list for PBXNativeTarget "Pulito" */;
			buildPhases = (
				A87AAE6F2ED61A2A009E38CF /* Sources */,
				A87AAE702ED61A2A009E38CF /* Frameworks */,
				A87AAE712ED61A2A009E38CF /* Resources */,
				A87AAEAE2ED61F4E009E38CF /* Embed Foundation Extensions */,
			);
			buildRules = (
			);
			dependencies = (
				A87AAEA82ED61F4E009E38CF /* PBXTargetDependency */,
			);
			name = Pulito;
			packageProductDependencies = (
			);
			productName = Pulito;
			productReference = A87AAE732ED61A2A009E38CF /* Pulito.app */;
			productType = "com.apple.product-type.application";
		};
		A87AAE9F2ED61F4E009E38CF /* PulitoContentBlocker */ = {
			isa = PBXNativeTarget;
			buildConfigurationList = A87AAEAB2ED61F4E009E38CF /* Build configuration list for PBXNativeTarget "PulitoContentBlocker" */;
			buildPhases = (
				A87AAE9C2ED61F4E009E38CF /* Sources */,
				A87AAE9D2ED61F4E009E38CF /* Frameworks */,
				A87AAE9E2ED61F4E009E38CF /* Resources */,
			);
			buildRules = (
			);
			dependencies = (
			);
			fileSystemSynchronizedGroups = (
				A87AAEA12ED61F4E009E38CF /* PulitoContentBlocker */,
			);
			name = PulitoContentBlocker;
			packageProductDependencies = (
			);
			productName = PulitoContentBlocker;
			productReference = A87AAEA02ED61F4E009E38CF /* PulitoContentBlocker.appex */;
			productType = "com.apple.product-type.app-extension";
		};
/* End PBXNativeTarget section */

/* Begin PBXProject section */
		A87AAE6B2ED61A2A009E38CF /* Project object */ = {
			isa = PBXProject;
			attributes = {
				BuildIndependentTargetsInParallel = 1;
				LastSwiftUpdateCheck = 2610;
				LastUpgradeCheck = 2610;
				TargetAttributes = {
					A87AAE722ED61A2A009E38CF = {
						CreatedOnToolsVersion = 26.1.1;
					};
					A87AAE9F2ED61F4E009E38CF = {
						CreatedOnToolsVersion = 26.1.1;
					};
				};
			};
			buildConfigurationList = A87AAE6E2ED61A2A009E38CF /* Build configuration list for PBXProject "Pulito" */;
			developmentRegion = en;
			hasScannedForEncodings = 0;
			knownRegions = (
				en,
				Base,
			);
			mainGroup = A87AAE6A2ED61A2A009E38CF;
			minimizedProjectReferenceProxies = 1;
			preferredProjectObjectVersion = 77;
			productRefGroup = A87AAE742ED61A2A009E38CF /* Products */;
			projectDirPath = "";
			projectRoot = "";
			targets = (
				A87AAE722ED61A2A009E38CF /* Pulito */,
				A87AAE9F2ED61F4E009E38CF /* PulitoContentBlocker */,
			);
		};
/* End PBXProject section */

/* Begin PBXResourcesBuildPhase section */
		A87AAE712ED61A2A009E38CF /* Resources */ = {
			isa = PBXResourcesBuildPhase;
			buildActionMask = 2147483647;
			files = (
				A87AAF202ED626D7009E38CF /* Assets.xcassets in Resources */,
				A87AAF222ED62750009E38CF /* pulito_pubkey.pem in Resources */,
			);
			runOnlyForDeploymentPostprocessing = 0;
		};
		A87AAE9E2ED61F4E009E38CF /* Resources */ = {
			isa = PBXResourcesBuildPhase;
			buildActionMask = 2147483647;
			files = (
			);
			runOnlyForDeploymentPostprocessing = 0;
		};
/* End PBXResourcesBuildPhase section */

/* Begin PBXSourcesBuildPhase section */
		A87AAE6F2ED61A2A009E38CF /* Sources */ = {
			isa = PBXSourcesBuildPhase;
			buildActionMask = 2147483647;
			files = (
				A87AAF152ED62593009E38CF /* RSASignatureVerifier.swift in Sources */,
				A87AAF162ED62593009E38CF /* ContentBlockerUpdater.swift in Sources */,
				A87AAF172ED62593009E38CF /* Manifest.swift in Sources */,
				A87AAF182ED62593009E38CF /* PulitoApp.swift in Sources */,
				A87AAF192ED62593009E38CF /* AppEnviroment.swift in Sources */,
				A87AAF1A2ED62593009E38CF /* StatusState.swift in Sources */,
				A87AAF1B2ED62593009E38CF /* ContentView.swift in Sources */,
				A87AAF1C2ED62593009E38CF /* PulitoHomeView.swift in Sources */,
				A87AAF1D2ED62593009E38CF /* PulitoSettingsView.swift in Sources */,
				A87AAF1E2ED62593009E38CF /* StatPill.swift in Sources */,
			);
			runOnlyForDeploymentPostprocessing = 0;
		};
		A87AAE9C2ED61F4E009E38CF /* Sources */ = {
			isa = PBXSourcesBuildPhase;
			buildActionMask = 2147483647;
			files = (
			);
			runOnlyForDeploymentPostprocessing = 0;
		};
/* End PBXSourcesBuildPhase section */

/* Begin PBXTargetDependency section */
		A87AAEA82ED61F4E009E38CF /* PBXTargetDependency */ = {
			isa = PBXTargetDependency;
			target = A87AAE9F2ED61F4E009E38CF /* PulitoContentBlocker */;
			targetProxy = A87AAEA72ED61F4E009E38CF /* PBXContainerItemProxy */;
		};
/* End PBXTargetDependency section */

/* Begin XCBuildConfiguration section */
		A87AAE7C2ED61A2A009E38CF /* Debug */ = {
			isa = XCBuildConfiguration;
			buildSettings = {
				ALWAYS_SEARCH_USER_PATHS = NO;
				ASSETCATALOG_COMPILER_GENERATE_SWIFT_ASSET_SYMBOL_EXTENSIONS = YES;
				CLANG_ANALYZER_NONNULL = YES;
				CLANG_ANALYZER_NUMBER_OBJECT_CONVERSION = YES_AGGRESSIVE;
				CLANG_CXX_LANGUAGE_STANDARD = "gnu++20";
				CLANG_ENABLE_MODULES = YES;
				CLANG_ENABLE_OBJC_ARC = YES;
				CLANG_ENABLE_OBJC_WEAK = YES;
				CLANG_WARN_BLOCK_CAPTURE_AUTORELEASING = YES;
				CLANG_WARN_BOOL_CONVERSION = YES;
				CLANG_WARN_COMMA = YES;
				CLANG_WARN_CONSTANT_CONVERSION = YES;
				CLANG_WARN_DEPRECATED_OBJC_IMPLEMENTATIONS = YES;
				CLANG_WARN_DIRECT_OBJC_ISA_USAGE = YES_ERROR;
				CLANG_WARN_DOCUMENTATION_COMMENTS = YES;
				CLANG_WARN_EMPTY_BODY = YES;
				CLANG_WARN_ENUM_CONVERSION = YES;
				CLANG_WARN_INFINITE_RECURSION = YES;
				CLANG_WARN_INT_CONVERSION = YES;
				CLANG_WARN_NON_LITERAL_NULL_CONVERSION = YES;
				CLANG_WARN_OBJC_IMPLICIT_RETAIN_SELF = YES;
				CLANG_WARN_OBJC_LITERAL_CONVERSION = YES;
				CLANG_WARN_OBJC_ROOT_CLASS = YES_ERROR;
				CLANG_WARN_QUOTED_INCLUDE_IN_FRAMEWORK_HEADER = YES;
				CLANG_WARN_RANGE_LOOP_ANALYSIS = YES;
				CLANG_WARN_STRICT_PROTOTYPES = YES;
				CLANG_WARN_SUSPICIOUS_MOVE = YES;
				CLANG_WARN_UNGUARDED_AVAILABILITY = YES_AGGRESSIVE;
				CLANG_WARN_UNREACHABLE_CODE = YES;
				CLANG_WARN__DUPLICATE_METHOD_MATCH = YES;
				COPY_PHASE_STRIP = NO;
				DEBUG_INFORMATION_FORMAT = dwarf;
				ENABLE_STRICT_OBJC_MSGSEND = YES;
				ENABLE_TESTABILITY = YES;
				ENABLE_USER_SCRIPT_SANDBOXING = YES;
				GCC_C_LANGUAGE_STANDARD = gnu17;
				GCC_DYNAMIC_NO_PIC = NO;
				GCC_NO_COMMON_BLOCKS = YES;
				GCC_OPTIMIZATION_LEVEL = 0;
				GCC_PREPROCESSOR_DEFINITIONS = (
					"DEBUG=1",
					"$(inherited)",
				);
				GCC_WARN_64_TO_32_BIT_CONVERSION = YES;
				GCC_WARN_ABOUT_RETURN_TYPE = YES_ERROR;
				GCC_WARN_UNDECLARED_SELECTOR = YES;
				GCC_WARN_UNINITIALIZED_AUTOS = YES_AGGRESSIVE;
				GCC_WARN_UNUSED_FUNCTION = YES;
				GCC_WARN_UNUSED_VARIABLE = YES;
				IPHONEOS_DEPLOYMENT_TARGET = 26.1;
				LOCALIZATION_PREFERS_STRING_CATALOGS = YES;
				MTL_ENABLE_DEBUG_INFO = INCLUDE_SOURCE;
				MTL_FAST_MATH = YES;
				ONLY_ACTIVE_ARCH = YES;
				SDKROOT = iphoneos;
				SWIFT_ACTIVE_COMPILATION_CONDITIONS = "DEBUG $(inherited)";
				SWIFT_OPTIMIZATION_LEVEL = "-Onone";
			};
			name = Debug;
		};
		A87AAE7D2ED61A2A009E38CF /* Release */ = {
			isa = XCBuildConfiguration;
			buildSettings = {
				ALWAYS_SEARCH_USER_PATHS = NO;
				ASSETCATALOG_COMPILER_GENERATE_SWIFT_ASSET_SYMBOL_EXTENSIONS = YES;
				CLANG_ANALYZER_NONNULL = YES;
				CLANG_ANALYZER_NUMBER_OBJECT_CONVERSION = YES_AGGRESSIVE;
				CLANG_CXX_LANGUAGE_STANDARD = "gnu++20";
				CLANG_ENABLE_MODULES = YES;
				CLANG_ENABLE_OBJC_ARC = YES;
				CLANG_ENABLE_OBJC_WEAK = YES;
				CLANG_WARN_BLOCK_CAPTURE_AUTORELEASING = YES;
				CLANG_WARN_BOOL_CONVERSION = YES;
				CLANG_WARN_COMMA = YES;
				CLANG_WARN_CONSTANT_CONVERSION = YES;
				CLANG_WARN_DEPRECATED_OBJC_IMPLEMENTATIONS = YES;
				CLANG_WARN_DIRECT_OBJC_ISA_USAGE = YES_ERROR;
				CLANG_WARN_DOCUMENTATION_COMMENTS = YES;
				CLANG_WARN_EMPTY_BODY = YES;
				CLANG_WARN_ENUM_CONVERSION = YES;
				CLANG_WARN_INFINITE_RECURSION = YES;
				CLANG_WARN_INT_CONVERSION = YES;
				CLANG_WARN_NON_LITERAL_NULL_CONVERSION = YES;
				CLANG_WARN_OBJC_IMPLICIT_RETAIN_SELF = YES;
				CLANG_WARN_OBJC_LITERAL_CONVERSION = YES;
				CLANG_WARN_OBJC_ROOT_CLASS = YES_ERROR;
				CLANG_WARN_QUOTED_INCLUDE_IN_FRAMEWORK_HEADER = YES;
				CLANG_WARN_RANGE_LOOP_ANALYSIS = YES;
				CLANG_WARN_STRICT_PROTOTYPES = YES;
				CLANG_WARN_SUSPICIOUS_MOVE = YES;
				CLANG_WARN_UNGUARDED_AVAILABILITY = YES_AGGRESSIVE;
				CLANG_WARN_UNREACHABLE_CODE = YES;
				CLANG_WARN__DUPLICATE_METHOD_MATCH = YES;
				COPY_PHASE_STRIP = NO;
				DEBUG_INFORMATION_FORMAT = "dwarf-with-dsym";
				ENABLE_NS_ASSERTIONS = NO;
				ENABLE_STRICT_OBJC_MSGSEND = YES;
				ENABLE_USER_SCRIPT_SANDBOXING = YES;
				GCC_C_LANGUAGE_STANDARD = gnu17;
				GCC_NO_COMMON_BLOCKS = YES;
				GCC_WARN_64_TO_32_BIT_CONVERSION = YES;
				GCC_WARN_ABOUT_RETURN_TYPE = YES_ERROR;
				GCC_WARN_UNDECLARED_SELECTOR = YES;
				GCC_WARN_UNINITIALIZED_AUTOS = YES_AGGRESSIVE;
				GCC_WARN_UNUSED_FUNCTION = YES;
				GCC_WARN_UNUSED_VARIABLE = YES;
				IPHONEOS_DEPLOYMENT_TARGET = 26.1;
				LOCALIZATION_PREFERS_STRING_CATALOGS = YES;
				MTL_ENABLE_DEBUG_INFO = NO;
				MTL_FAST_MATH = YES;
				SDKROOT = iphoneos;
				SWIFT_COMPILATION_MODE = wholemodule;
				VALIDATE_PRODUCT = YES;
			};
			name = Release;
		};
		A87AAE7F2ED61A2A009E38CF /* Debug */ = {
			isa = XCBuildConfiguration;
			buildSettings = {
				ASSETCATALOG_COMPILER_APPICON_NAME = AppIcon;
				ASSETCATALOG_COMPILER_GLOBAL_ACCENT_COLOR_NAME = AccentColor;
				CODE_SIGN_ENTITLEMENTS = Pulito/Pulito.entitlements;
				CODE_SIGN_STYLE = Automatic;
				CURRENT_PROJECT_VERSION = 1;
				DEVELOPMENT_TEAM = H33LDY29A2;
				ENABLE_PREVIEWS = YES;
				GENERATE_INFOPLIST_FILE = YES;
				INFOPLIST_KEY_UIApplicationSceneManifest_Generation = YES;
				INFOPLIST_KEY_UIApplicationSupportsIndirectInputEvents = YES;
				INFOPLIST_KEY_UILaunchScreen_Generation = YES;
				INFOPLIST_KEY_UISupportedInterfaceOrientations_iPad = "UIInterfaceOrientationPortrait UIInterfaceOrientationPortraitUpsideDown UIInterfaceOrientationLandscapeLeft UIInterfaceOrientationLandscapeRight";
				INFOPLIST_KEY_UISupportedInterfaceOrientations_iPhone = "UIInterfaceOrientationPortrait UIInterfaceOrientationLandscapeLeft UIInterfaceOrientationLandscapeRight";
				LD_RUNPATH_SEARCH_PATHS = (
					"$(inherited)",
					"@executable_path/Frameworks",
				);
				MARKETING_VERSION = 1.0;
				PRODUCT_BUNDLE_IDENTIFIER = com.Turi0nX.Pulito;
				PRODUCT_NAME = "$(TARGET_NAME)";
				STRING_CATALOG_GENERATE_SYMBOLS = YES;
				SWIFT_APPROACHABLE_CONCURRENCY = YES;
				SWIFT_DEFAULT_ACTOR_ISOLATION = MainActor;
				SWIFT_EMIT_LOC_STRINGS = YES;
				SWIFT_UPCOMING_FEATURE_MEMBER_IMPORT_VISIBILITY = YES;
				SWIFT_VERSION = 5.0;
				TARGETED_DEVICE_FAMILY = "1,2";
			};
			name = Debug;
		};
		A87AAE802ED61A2A009E38CF /* Release */ = {
			isa = XCBuildConfiguration;
			buildSettings = {
				ASSETCATALOG_COMPILER_APPICON_NAME = AppIcon;
				ASSETCATALOG_COMPILER_GLOBAL_ACCENT_COLOR_NAME = AccentColor;
				CODE_SIGN_ENTITLEMENTS = Pulito/Pulito.entitlements;
				CODE_SIGN_STYLE = Automatic;
				CURRENT_PROJECT_VERSION = 1;
				DEVELOPMENT_TEAM = H33LDY29A2;
				ENABLE_PREVIEWS = YES;
				GENERATE_INFOPLIST_FILE = YES;
				INFOPLIST_KEY_UIApplicationSceneManifest_Generation = YES;
				INFOPLIST_KEY_UIApplicationSupportsIndirectInputEvents = YES;
				INFOPLIST_KEY_UILaunchScreen_Generation = YES;
				INFOPLIST_KEY_UISupportedInterfaceOrientations_iPad = "UIInterfaceOrientationPortrait UIInterfaceOrientationPortraitUpsideDown UIInterfaceOrientationLandscapeLeft UIInterfaceOrientationLandscapeRight";
				INFOPLIST_KEY_UISupportedInterfaceOrientations_iPhone = "UIInterfaceOrientationPortrait UIInterfaceOrientationLandscapeLeft UIInterfaceOrientationLandscapeRight";
				LD_RUNPATH_SEARCH_PATHS = (
					"$(inherited)",
					"@executable_path/Frameworks",
				);
				MARKETING_VERSION = 1.0;
				PRODUCT_BUNDLE_IDENTIFIER = com.Turi0nX.Pulito;
				PRODUCT_NAME = "$(TARGET_NAME)";
				STRING_CATALOG_GENERATE_SYMBOLS = YES;
				SWIFT_APPROACHABLE_CONCURRENCY = YES;
				SWIFT_DEFAULT_ACTOR_ISOLATION = MainActor;
				SWIFT_EMIT_LOC_STRINGS = YES;
				SWIFT_UPCOMING_FEATURE_MEMBER_IMPORT_VISIBILITY = YES;
				SWIFT_VERSION = 5.0;
				TARGETED_DEVICE_FAMILY = "1,2";
			};
			name = Release;
		};
		A87AAEAC2ED61F4E009E38CF /* Debug */ = {
			isa = XCBuildConfiguration;
			buildSettings = {
				ARCHS = "$(ARCHS_STANDARD_64_BIT)";
				CODE_SIGN_ENTITLEMENTS = PulitoContentBlocker/PulitoContentBlocker.entitlements;
				CODE_SIGN_STYLE = Automatic;
				CURRENT_PROJECT_VERSION = 1;
				DEVELOPMENT_TEAM = H33LDY29A2;
				GENERATE_INFOPLIST_FILE = YES;
				INFOPLIST_FILE = PulitoContentBlocker/Info.plist;
				INFOPLIST_KEY_CFBundleDisplayName = PulitoContentBlocker;
				INFOPLIST_KEY_NSHumanReadableCopyright = "";
				LD_RUNPATH_SEARCH_PATHS = (
					"$(inherited)",
					"@executable_path/Frameworks",
					"@executable_path/../../Frameworks",
				);
				MARKETING_VERSION = 1.0;
				PRODUCT_BUNDLE_IDENTIFIER = com.Turi0nX.Pulito.PulitoContentBlocker;
				PRODUCT_NAME = "$(TARGET_NAME)";
				SKIP_INSTALL = YES;
				STRING_CATALOG_GENERATE_SYMBOLS = YES;
				SWIFT_APPROACHABLE_CONCURRENCY = YES;
				SWIFT_EMIT_LOC_STRINGS = YES;
				SWIFT_UPCOMING_FEATURE_MEMBER_IMPORT_VISIBILITY = YES;
				SWIFT_VERSION = 5.0;
				TARGETED_DEVICE_FAMILY = "1,2";
			};
			name = Debug;
		};
		A87AAEAD2ED61F4E009E38CF /* Release */ = {
			isa = XCBuildConfiguration;
			buildSettings = {
				ARCHS = "$(ARCHS_STANDARD_64_BIT)";
				CODE_SIGN_ENTITLEMENTS = PulitoContentBlocker/PulitoContentBlocker.entitlements;
				CODE_SIGN_STYLE = Automatic;
				CURRENT_PROJECT_VERSION = 1;
				DEVELOPMENT_TEAM = H33LDY29A2;
				GENERATE_INFOPLIST_FILE = YES;
				INFOPLIST_FILE = PulitoContentBlocker/Info.plist;
				INFOPLIST_KEY_CFBundleDisplayName = PulitoContentBlocker;
				INFOPLIST_KEY_NSHumanReadableCopyright = "";
				LD_RUNPATH_SEARCH_PATHS = (
					"$(inherited)",
					"@executable_path/Frameworks",
					"@executable_path/../../Frameworks",
				);
				MARKETING_VERSION = 1.0;
				PRODUCT_BUNDLE_IDENTIFIER = com.Turi0nX.Pulito.PulitoContentBlocker;
				PRODUCT_NAME = "$(TARGET_NAME)";
				SKIP_INSTALL = YES;
				STRING_CATALOG_GENERATE_SYMBOLS = YES;
				SWIFT_APPROACHABLE_CONCURRENCY = YES;
				SWIFT_EMIT_LOC_STRINGS = YES;
				SWIFT_UPCOMING_FEATURE_MEMBER_IMPORT_VISIBILITY = YES;
				SWIFT_VERSION = 5.0;
				TARGETED_DEVICE_FAMILY = "1,2";
			};
			name = Release;
		};
/* End XCBuildConfiguration section */

/* Begin XCConfigurationList section */
		A87AAE6E2ED61A2A009E38CF /* Build configuration list for PBXProject "Pulito" */ = {
			isa = XCConfigurationList;
			buildConfigurations = (
				A87AAE7C2ED61A2A009E38CF /* Debug */,
				A87AAE7D2ED61A2A009E38CF /* Release */,
			);
			defaultConfigurationIsVisible = 0;
			defaultConfigurationName = Release;
		};
		A87AAE7E2ED61A2A009E38CF /* Build configuration list for PBXNativeTarget "Pulito" */ = {
			isa = XCConfigurationList;
			buildConfigurations = (
				A87AAE7F2ED61A2A009E38CF /* Debug */,
				A87AAE802ED61A2A009E38CF /* Release */,
			);
			defaultConfigurationIsVisible = 0;
			defaultConfigurationName = Release;
		};
		A87AAEAB2ED61F4E009E38CF /* Build configuration list for PBXNativeTarget "PulitoContentBlocker" */ = {
			isa = XCConfigurationList;
			buildConfigurations = (
				A87AAEAC2ED61F4E009E38CF /* Debug */,
				A87AAEAD2ED61F4E009E38CF /* Release */,
			);
			defaultConfigurationIsVisible = 0;
			defaultConfigurationName = Release;
		};
/* End XCConfigurationList section */
	};
	rootObject = A87AAE6B2ED61A2A009E38CF /* Project object */;
}
